// !$*UTF8*$!
{
	archiveVersion = 1;
	classes = {
	};
	objectVersion = 46;
	objects = {

/* Begin PBXBuildFile section */
		2B1FC10C1CD10032007581E7 /* main.m in Sources */ = {isa = PBXBuildFile; fileRef = 2B1FC10B1CD10032007581E7 /* main.m */; };
		2B1FC10F1CD10032007581E7 /* AppDelegate.m in Sources */ = {isa = PBXBuildFile; fileRef = 2B1FC10E1CD10032007581E7 /* AppDelegate.m */; };
		2B1FC1121CD10032007581E7 /* ViewController.m in Sources */ = {isa = PBXBuildFile; fileRef = 2B1FC1111CD10032007581E7 /* ViewController.m */; };
		2B1FC1151CD10032007581E7 /* Main.storyboard in Resources */ = {isa = PBXBuildFile; fileRef = 2B1FC1131CD10032007581E7 /* Main.storyboard */; };
		2B1FC1171CD10032007581E7 /* Assets.xcassets in Resources */ = {isa = PBXBuildFile; fileRef = 2B1FC1161CD10032007581E7 /* Assets.xcassets */; };
		2B1FC11A1CD10032007581E7 /* LaunchScreen.storyboard in Resources */ = {isa = PBXBuildFile; fileRef = 2B1FC1181CD10032007581E7 /* LaunchScreen.storyboard */; };
		2B1FC1251CD10032007581E7 /* _____Tests.m in Sources */ = {isa = PBXBuildFile; fileRef = 2B1FC1241CD10032007581E7 /* _____Tests.m */; };
		2B1FC1301CD10032007581E7 /* _____UITests.m in Sources */ = {isa = PBXBuildFile; fileRef = 2B1FC12F1CD10032007581E7 /* _____UITests.m */; };
/* End PBXBuildFile section */

/* Begin PBXContainerItemProxy section */
		2B1FC1211CD10032007581E7 /* PBXContainerItemProxy */ = {
			isa = PBXContainerItemProxy;
			containerPortal = 2B1FC0FF1CD10032007581E7 /* Project object */;
			proxyType = 1;
			remoteGlobalIDString = 2B1FC1061CD10032007581E7;
			remoteInfo = "生活大爆炸";
		};
		2B1FC12C1CD10032007581E7 /* PBXContainerItemProxy */ = {
			isa = PBXContainerItemProxy;
			containerPortal = 2B1FC0FF1CD10032007581E7 /* Project object */;
			proxyType = 1;
			remoteGlobalIDString = 2B1FC1061CD10032007581E7;
			remoteInfo = "生活大爆炸";
		};
/* End PBXContainerItemProxy section */

/* Begin PBXFileReference section */
		2B1FC1071CD10032007581E7 /* 生活大爆炸.app */ = {isa = PBXFileReference; explicitFileType = wrapper.application; includeInIndex = 0; path = "生活大爆炸.app"; sourceTree = BUILT_PRODUCTS_DIR; };
		2B1FC10B1CD10032007581E7 /* main.m */ = {isa = PBXFileReference; lastKnownFileType = sourcecode.c.objc; path = main.m; sourceTree = "<group>"; };
		2B1FC10D1CD10032007581E7 /* AppDelegate.h */ = {isa = PBXFileReference; lastKnownFileType = sourcecode.c.h; path = AppDelegate.h; sourceTree = "<group>"; };
		2B1FC10E1CD10032007581E7 /* AppDelegate.m */ = {isa = PBXFileReference; lastKnownFileType = sourcecode.c.objc; path = AppDelegate.m; sourceTree = "<group>"; };
		2B1FC1101CD10032007581E7 /* ViewController.h */ = {isa = PBXFileReference; lastKnownFileType = sourcecode.c.h; path = ViewController.h; sourceTree = "<group>"; };
		2B1FC1111CD10032007581E7 /* ViewController.m */ = {isa = PBXFileReference; lastKnownFileType = sourcecode.c.objc; path = ViewController.m; sourceTree = "<group>"; };
		2B1FC1141CD10032007581E7 /* Base */ = {isa = PBXFileReference; lastKnownFileType = file.storyboard; name = Base; path = Base.lproj/Main.storyboard; sourceTree = "<group>"; };
		2B1FC1161CD10032007581E7 /* Assets.xcassets */ = {isa = PBXFileReference; lastKnownFileType = folder.assetcatalog; path = Assets.xcassets; sourceTree = "<group>"; };
		2B1FC1191CD10032007581E7 /* Base */ = {isa = PBXFileReference; lastKnownFileType = file.storyboard; name = Base; path = Base.lproj/LaunchScreen.storyboard; sourceTree = "<group>"; };
		2B1FC11B1CD10032007581E7 /* Info.plist */ = {isa = PBXFileReference; lastKnownFileType = text.plist.xml; path = Info.plist; sourceTree = "<group>"; };
		2B1FC1201CD10032007581E7 /* 生活大爆炸Tests.xctest */ = {isa = PBXFileReference; explicitFileType = wrapper.cfbundle; includeInIndex = 0; path = "生活大爆炸Tests.xctest"; sourceTree = BUILT_PRODUCTS_DIR; };
		2B1FC1241CD10032007581E7 /* _____Tests.m */ = {isa = PBXFileReference; lastKnownFileType = sourcecode.c.objc; path = "_____Tests.m"; sourceTree = "<group>"; };
		2B1FC1261CD10032007581E7 /* Info.plist */ = {isa = PBXFileReference; lastKnownFileType = text.plist.xml; path = Info.plist; sourceTree = "<group>"; };
		2B1FC12B1CD10032007581E7 /* 生活大爆炸UITests.xctest */ = {isa = PBXFileReference; explicitFileType = wrapper.cfbundle; includeInIndex = 0; path = "生活大爆炸UITests.xctest"; sourceTree = BUILT_PRODUCTS_DIR; };
		2B1FC12F1CD10032007581E7 /* _____UITests.m */ = {isa = PBXFileReference; lastKnownFileType = sourcecode.c.objc; path = "_____UITests.m"; sourceTree = "<group>"; };
		2B1FC1311CD10032007581E7 /* Info.plist */ = {isa = PBXFileReference; lastKnownFileType = text.plist.xml; path = Info.plist; sourceTree = "<group>"; };
/* End PBXFileReference section */

/* Begin PBXFrameworksBuildPhase section */
		2B1FC1041CD10032007581E7 /* Frameworks */ = {
			isa = PBXFrameworksBuildPhase;
			buildActionMask = 2147483647;
			files = (
			);
			runOnlyForDeploymentPostprocessing = 0;
		};
		2B1FC11D1CD10032007581E7 /* Frameworks */ = {
			isa = PBXFrameworksBuildPhase;
			buildActionMask = 2147483647;
			files = (
			);
			runOnlyForDeploymentPostprocessing = 0;
		};
		2B1FC1281CD10032007581E7 /* Frameworks */ = {
			isa = PBXFrameworksBuildPhase;
			buildActionMask = 2147483647;
			files = (
			);
			runOnlyForDeploymentPostprocessing = 0;
		};
/* End PBXFrameworksBuildPhase section */

/* Begin PBXGroup section */
		2B1FC0FE1CD10032007581E7 = {
			isa = PBXGroup;
			children = (
				2B1FC1091CD10032007581E7 /* 生活大爆炸 */,
				2B1FC1231CD10032007581E7 /* 生活大爆炸Tests */,
				2B1FC12E1CD10032007581E7 /* 生活大爆炸UITests */,
				2B1FC1081CD10032007581E7 /* Products */,
			);
			sourceTree = "<group>";
		};
		2B1FC1081CD10032007581E7 /* Products */ = {
			isa = PBXGroup;
			children = (
				2B1FC1071CD10032007581E7 /* 生活大爆炸.app */,
				2B1FC1201CD10032007581E7 /* 生活大爆炸Tests.xctest */,
				2B1FC12B1CD10032007581E7 /* 生活大爆炸UITests.xctest */,
			);
			name = Products;
			sourceTree = "<group>";
		};
		2B1FC1091CD10032007581E7 /* 生活大爆炸 */ = {
			isa = PBXGroup;
			children = (
				2B1FC10D1CD10032007581E7 /* AppDelegate.h */,
				2B1FC10E1CD10032007581E7 /* AppDelegate.m */,
				2B1FC1101CD10032007581E7 /* ViewController.h */,
				2B1FC1111CD10032007581E7 /* ViewController.m */,
				2B1FC1131CD10032007581E7 /* Main.storyboard */,
				2B1FC1161CD10032007581E7 /* Assets.xcassets */,
				2B1FC1181CD10032007581E7 /* LaunchScreen.storyboard */,
				2B1FC11B1CD10032007581E7 /* Info.plist */,
				2B1FC10A1CD10032007581E7 /* Supporting Files */,
			);
			path = "生活大爆炸";
			sourceTree = "<group>";
		};
		2B1FC10A1CD10032007581E7 /* Supporting Files */ = {
			isa = PBXGroup;
			children = (
				2B1FC10B1CD10032007581E7 /* main.m */,
			);
			name = "Supporting Files";
			sourceTree = "<group>";
		};
		2B1FC1231CD10032007581E7 /* 生活大爆炸Tests */ = {
			isa = PBXGroup;
			children = (
				2B1FC1241CD10032007581E7 /* _____Tests.m */,
				2B1FC1261CD10032007581E7 /* Info.plist */,
			);
			path = "生活大爆炸Tests";
			sourceTree = "<group>";
		};
		2B1FC12E1CD10032007581E7 /* 生活大爆炸UITests */ = {
			isa = PBXGroup;
			children = (
				2B1FC12F1CD10032007581E7 /* _____UITests.m */,
				2B1FC1311CD10032007581E7 /* Info.plist */,
			);
			path = "生活大爆炸UITests";
			sourceTree = "<group>";
		};
/* End PBXGroup section */

/* Begin PBXNativeTarget section */
		2B1FC1061CD10032007581E7 /* 生活大爆炸 */ = {
			isa = PBXNativeTarget;
			buildConfigurationList = 2B1FC1341CD10032007581E7 /* Build configuration list for PBXNativeTarget "生活大爆炸" */;
			buildPhases = (
				2B1FC1031CD10032007581E7 /* Sources */,
				2B1FC1041CD10032007581E7 /* Frameworks */,
				2B1FC1051CD10032007581E7 /* Resources */,
			);
			buildRules = (
			);
			dependencies = (
			);
			name = "生活大爆炸";
			productName = "生活大爆炸";
			productReference = 2B1FC1071CD10032007581E7 /* 生活大爆炸.app */;
			productType = "com.apple.product-type.application";
		};
		2B1FC11F1CD10032007581E7 /* 生活大爆炸Tests */ = {
			isa = PBXNativeTarget;
			buildConfigurationList = 2B1FC1371CD10032007581E7 /* Build configuration list for PBXNativeTarget "生活大爆炸Tests" */;
			buildPhases = (
				2B1FC11C1CD10032007581E7 /* Sources */,
				2B1FC11D1CD10032007581E7 /* Frameworks */,
				2B1FC11E1CD10032007581E7 /* Resources */,
			);
			buildRules = (
			);
			dependencies = (
				2B1FC1221CD10032007581E7 /* PBXTargetDependency */,
			);
			name = "生活大爆炸Tests";
			productName = "生活大爆炸Tests";
			productReference = 2B1FC1201CD10032007581E7 /* 生活大爆炸Tests.xctest */;
			productType = "com.apple.product-type.bundle.unit-test";
		};
		2B1FC12A1CD10032007581E7 /* 生活大爆炸UITests */ = {
			isa = PBXNativeTarget;
			buildConfigurationList = 2B1FC13A1CD10032007581E7 /* Build configuration list for PBXNativeTarget "生活大爆炸UITests" */;
			buildPhases = (
				2B1FC1271CD10032007581E7 /* Sources */,
				2B1FC1281CD10032007581E7 /* Frameworks */,
				2B1FC1291CD10032007581E7 /* Resources */,
			);
			buildRules = (
			);
			dependencies = (
				2B1FC12D1CD10032007581E7 /* PBXTargetDependency */,
			);
			name = "生活大爆炸UITests";
			productName = "生活大爆炸UITests";
			productReference = 2B1FC12B1CD10032007581E7 /* 生活大爆炸UITests.xctest */;
			productType = "com.apple.product-type.bundle.ui-testing";
		};
/* End PBXNativeTarget section */

/* Begin PBXProject section */
		2B1FC0FF1CD10032007581E7 /* Project object */ = {
			isa = PBXProject;
			attributes = {
				LastUpgradeCheck = 0720;
				ORGANIZATIONNAME = "沈徐洁";
				TargetAttributes = {
					2B1FC1061CD10032007581E7 = {
						CreatedOnToolsVersion = 7.2.1;
						DevelopmentTeam = 8M86QHY592;
					};
					2B1FC11F1CD10032007581E7 = {
						CreatedOnToolsVersion = 7.2.1;
						DevelopmentTeam = 8M86QHY592;
						TestTargetID = 2B1FC1061CD10032007581E7;
					};
					2B1FC12A1CD10032007581E7 = {
						CreatedOnToolsVersion = 7.2.1;
						DevelopmentTeam = 8M86QHY592;
						TestTargetID = 2B1FC1061CD10032007581E7;
					};
				};
			};
			buildConfigurationList = 2B1FC1021CD10032007581E7 /* Build configuration list for PBXProject "生活大爆炸" */;
			compatibilityVersion = "Xcode 3.2";
			developmentRegion = English;
			hasScannedForEncodings = 0;
			knownRegions = (
				en,
				Base,
			);
			mainGroup = 2B1FC0FE1CD10032007581E7;
			productRefGroup = 2B1FC1081CD10032007581E7 /* Products */;
			projectDirPath = "";
			projectRoot = "";
			targets = (
				2B1FC1061CD10032007581E7 /* 生活大爆炸 */,
				2B1FC11F1CD10032007581E7 /* 生活大爆炸Tests */,
				2B1FC12A1CD10032007581E7 /* 生活大爆炸UITests */,
			);
		};
/* End PBXProject section */

/* Begin PBXResourcesBuildPhase section */
		2B1FC1051CD10032007581E7 /* Resources */ = {
			isa = PBXResourcesBuildPhase;
			buildActionMask = 2147483647;
			files = (
				2B1FC11A1CD10032007581E7 /* LaunchScreen.storyboard in Resources */,
				2B1FC1171CD10032007581E7 /* Assets.xcassets in Resources */,
				2B1FC1151CD10032007581E7 /* Main.storyboard in Resources */,
			);
			runOnlyForDeploymentPostprocessing = 0;
		};
		2B1FC11E1CD10032007581E7 /* Resources */ = {
			isa = PBXResourcesBuildPhase;
			buildActionMask = 2147483647;
			files = (
			);
			runOnlyForDeploymentPostprocessing = 0;
		};
		2B1FC1291CD10032007581E7 /* Resources */ = {
			isa = PBXResourcesBuildPhase;
			buildActionMask = 2147483647;
			files = (
			);
			runOnlyForDeploymentPostprocessing = 0;
		};
/* End PBXResourcesBuildPhase section */

/* Begin PBXSourcesBuildPhase section */
		2B1FC1031CD10032007581E7 /* Sources */ = {
			isa = PBXSourcesBuildPhase;
			buildActionMask = 2147483647;
			files = (
				2B1FC1121CD10032007581E7 /* ViewController.m in Sources */,
				2B1FC10F1CD10032007581E7 /* AppDelegate.m in Sources */,
				2B1FC10C1CD10032007581E7 /* main.m in Sources */,
			);
			runOnlyForDeploymentPostprocessing = 0;
		};
		2B1FC11C1CD10032007581E7 /* Sources */ = {
			isa = PBXSourcesBuildPhase;
			buildActionMask = 2147483647;
			files = (
				2B1FC1251CD10032007581E7 /* _____Tests.m in Sources */,
			);
			runOnlyForDeploymentPostprocessing = 0;
		};
		2B1FC1271CD10032007581E7 /* Sources */ = {
			isa = PBXSourcesBuildPhase;
			buildActionMask = 2147483647;
			files = (
				2B1FC1301CD10032007581E7 /* _____UITests.m in Sources */,
			);
			runOnlyForDeploymentPostprocessing = 0;
		};
/* End PBXSourcesBuildPhase section */

/* Begin PBXTargetDependency section */
		2B1FC1221CD10032007581E7 /* PBXTargetDependency */ = {
			isa = PBXTargetDependency;
			target = 2B1FC1061CD10032007581E7 /* 生活大爆炸 */;
			targetProxy = 2B1FC1211CD10032007581E7 /* PBXContainerItemProxy */;
		};
		2B1FC12D1CD10032007581E7 /* PBXTargetDependency */ = {
			isa = PBXTargetDependency;
			target = 2B1FC1061CD10032007581E7 /* 生活大爆炸 */;
			targetProxy = 2B1FC12C1CD10032007581E7 /* PBXContainerItemProxy */;
		};
/* End PBXTargetDependency section */

/* Begin PBXVariantGroup section */
		2B1FC1131CD10032007581E7 /* Main.storyboard */ = {
			isa = PBXVariantGroup;
			children = (
				2B1FC1141CD10032007581E7 /* Base */,
			);
			name = Main.storyboard;
			sourceTree = "<group>";
		};
		2B1FC1181CD10032007581E7 /* LaunchScreen.storyboard */ = {
			isa = PBXVariantGroup;
			children = (
				2B1FC1191CD10032007581E7 /* Base */,
			);
			name = LaunchScreen.storyboard;
			sourceTree = "<group>";
		};
/* End PBXVariantGroup section */

/* Begin XCBuildConfiguration section */
		2B1FC1321CD10032007581E7 /* Debug */ = {
			isa = XCBuildConfiguration;
			buildSettings = {
				ALWAYS_SEARCH_USER_PATHS = NO;
				CLANG_CXX_LANGUAGE_STANDARD = "gnu++0x";
				CLANG_CXX_LIBRARY = "libc++";
				CLANG_ENABLE_MODULES = YES;
				CLANG_ENABLE_OBJC_ARC = YES;
				CLANG_WARN_BOOL_CONVERSION = YES;
				CLANG_WARN_CONSTANT_CONVERSION = YES;
				CLANG_WARN_DIRECT_OBJC_ISA_USAGE = YES_ERROR;
				CLANG_WARN_EMPTY_BODY = YES;
				CLANG_WARN_ENUM_CONVERSION = YES;
				CLANG_WARN_INT_CONVERSION = YES;
				CLANG_WARN_OBJC_ROOT_CLASS = YES_ERROR;
				CLANG_WARN_UNREACHABLE_CODE = YES;
				CLANG_WARN__DUPLICATE_METHOD_MATCH = YES;
				"CODE_SIGN_IDENTITY[sdk=iphoneos*]" = "iPhone Developer";
				COPY_PHASE_STRIP = NO;
				DEBUG_INFORMATION_FORMAT = dwarf;
				ENABLE_STRICT_OBJC_MSGSEND = YES;
				ENABLE_TESTABILITY = YES;
				GCC_C_LANGUAGE_STANDARD = gnu99;
				GCC_DYNAMIC_NO_PIC = NO;
				GCC_NO_COMMON_BLOCKS = YES;
				GCC_OPTIMIZATION_LEVEL = 0;
				GCC_PREPROCESSOR_DEFINITIONS = (
					"DEBUG=1",
					"$(inherited)",
				);
				GCC_WARN_64_TO_32_BIT_CONVERSION = YES;
				GCC_WARN_ABOUT_RETURN_TYPE = YES_ERROR;
				GCC_WARN_UNDECLARED_SELECTOR = YES;
				GCC_WARN_UNINITIALIZED_AUTOS = YES_AGGRESSIVE;
				GCC_WARN_UNUSED_FUNCTION = YES;
				GCC_WARN_UNUSED_VARIABLE = YES;
				IPHONEOS_DEPLOYMENT_TARGET = 9.2;
				MTL_ENABLE_DEBUG_INFO = YES;
				ONLY_ACTIVE_ARCH = YES;
				SDKROOT = iphoneos;
			};
			name = Debug;
		};
		2B1FC1331CD10032007581E7 /* Release */ = {
			isa = XCBuildConfiguration;
			buildSettings = {
				ALWAYS_SEARCH_USER_PATHS = NO;
				CLANG_CXX_LANGUAGE_STANDARD = "gnu++0x";
				CLANG_CXX_LIBRARY = "libc++";
				CLANG_ENABLE_MODULES = YES;
				CLANG_ENABLE_OBJC_ARC = YES;
				CLANG_WARN_BOOL_CONVERSION = YES;
				CLANG_WARN_CONSTANT_CONVERSION = YES;
				CLANG_WARN_DIRECT_OBJC_ISA_USAGE = YES_ERROR;
				CLANG_WARN_EMPTY_BODY = YES;
				CLANG_WARN_ENUM_CONVERSION = YES;
				CLANG_WARN_INT_CONVERSION = YES;
				CLANG_WARN_OBJC_ROOT_CLASS = YES_ERROR;
				CLANG_WARN_UNREACHABLE_CODE = YES;
				CLANG_WARN__DUPLICATE_METHOD_MATCH = YES;
				"CODE_SIGN_IDENTITY[sdk=iphoneos*]" = "iPhone Developer";
				COPY_PHASE_STRIP = NO;
				DEBUG_INFORMATION_FORMAT = "dwarf-with-dsym";
				ENABLE_NS_ASSERTIONS = NO;
				ENABLE_STRICT_OBJC_MSGSEND = YES;
				GCC_C_LANGUAGE_STANDARD = gnu99;
				GCC_NO_COMMON_BLOCKS = YES;
				GCC_WARN_64_TO_32_BIT_CONVERSION = YES;
				GCC_WARN_ABOUT_RETURN_TYPE = YES_ERROR;
				GCC_WARN_UNDECLARED_SELECTOR = YES;
				GCC_WARN_UNINITIALIZED_AUTOS = YES_AGGRESSIVE;
				GCC_WARN_UNUSED_FUNCTION = YES;
				GCC_WARN_UNUSED_VARIABLE = YES;
				IPHONEOS_DEPLOYMENT_TARGET = 9.2;
				MTL_ENABLE_DEBUG_INFO = NO;
				SDKROOT = iphoneos;
				VALIDATE_PRODUCT = YES;
			};
			name = Release;
		};
		2B1FC1351CD10032007581E7 /* Debug */ = {
			isa = XCBuildConfiguration;
			buildSettings = {
				ASSETCATALOG_COMPILER_APPICON_NAME = AppIcon;
				INFOPLIST_FILE = "生活大爆炸/Info.plist";
				LD_RUNPATH_SEARCH_PATHS = "$(inherited) @executable_path/Frameworks";
				PRODUCT_BUNDLE_IDENTIFIER = "com.jay.-----";
				PRODUCT_NAME = "$(TARGET_NAME)";
			};
			name = Debug;
		};
		2B1FC1361CD10032007581E7 /* Release */ = {
			isa = XCBuildConfiguration;
			buildSettings = {
				ASSETCATALOG_COMPILER_APPICON_NAME = AppIcon;
				INFOPLIST_FILE = "生活大爆炸/Info.plist";
				LD_RUNPATH_SEARCH_PATHS = "$(inherited) @executable_path/Frameworks";
				PRODUCT_BUNDLE_IDENTIFIER = "com.jay.-----";
				PRODUCT_NAME = "$(TARGET_NAME)";
			};
			name = Release;
		};
		2B1FC1381CD10032007581E7 /* Debug */ = {
			isa = XCBuildConfiguration;
			buildSettings = {
				BUNDLE_LOADER = "$(TEST_HOST)";
				INFOPLIST_FILE = "生活大爆炸Tests/Info.plist";
				LD_RUNPATH_SEARCH_PATHS = "$(inherited) @executable_path/Frameworks @loader_path/Frameworks";
				PRODUCT_BUNDLE_IDENTIFIER = "com.jay.-----Tests";
				PRODUCT_NAME = "$(TARGET_NAME)";
				TEST_HOST = "$(BUILT_PRODUCTS_DIR)/生活大爆炸.app/生活大爆炸";
			};
			name = Debug;
		};
		2B1FC1391CD10032007581E7 /* Release */ = {
			isa = XCBuildConfiguration;
			buildSettings = {
				BUNDLE_LOADER = "$(TEST_HOST)";
				INFOPLIST_FILE = "生活大爆炸Tests/Info.plist";
				LD_RUNPATH_SEARCH_PATHS = "$(inherited) @executable_path/Frameworks @loader_path/Frameworks";
				PRODUCT_BUNDLE_IDENTIFIER = "com.jay.-----Tests";
				PRODUCT_NAME = "$(TARGET_NAME)";
				TEST_HOST = "$(BUILT_PRODUCTS_DIR)/生活大爆炸.app/生活大爆炸";
			};
			name = Release;
		};
		2B1FC13B1CD10032007581E7 /* Debug */ = {
			isa = XCBuildConfiguration;
			buildSettings = {
				INFOPLIST_FILE = "生活大爆炸UITests/Info.plist";
				LD_RUNPATH_SEARCH_PATHS = "$(inherited) @executable_path/Frameworks @loader_path/Frameworks";
				PRODUCT_BUNDLE_IDENTIFIER = "com.jay.-----UITests";
				PRODUCT_NAME = "$(TARGET_NAME)";
				TEST_TARGET_NAME = "生活大爆炸";
				USES_XCTRUNNER = YES;
			};
			name = Debug;
		};
		2B1FC13C1CD10032007581E7 /* Release */ = {
			isa = XCBuildConfiguration;
			buildSettings = {
				INFOPLIST_FILE = "生活大爆炸UITests/Info.plist";
				LD_RUNPATH_SEARCH_PATHS = "$(inherited) @executable_path/Frameworks @loader_path/Frameworks";
				PRODUCT_BUNDLE_IDENTIFIER = "com.jay.-----UITests";
				PRODUCT_NAME = "$(TARGET_NAME)";
				TEST_TARGET_NAME = "生活大爆炸";
				USES_XCTRUNNER = YES;
			};
			name = Release;
		};
/* End XCBuildConfiguration section */

/* Begin XCConfigurationList section */
		2B1FC1021CD10032007581E7 /* Build configuration list for PBXProject "生活大爆炸" */ = {
			isa = XCConfigurationList;
			buildConfigurations = (
				2B1FC1321CD10032007581E7 /* Debug */,
				2B1FC1331CD10032007581E7 /* Release */,
			);
			defaultConfigurationIsVisible = 0;
			defaultConfigurationName = Release;
		};
		2B1FC1341CD10032007581E7 /* Build configuration list for PBXNativeTarget "生活大爆炸" */ = {
			isa = XCConfigurationList;
			buildConfigurations = (
				2B1FC1351CD10032007581E7 /* Debug */,
				2B1FC1361CD10032007581E7 /* Release */,
			);
			defaultConfigurationIsVisible = 0;
		};
		2B1FC1371CD10032007581E7 /* Build configuration list for PBXNativeTarget "生活大爆炸Tests" */ = {
			isa = XCConfigurationList;
			buildConfigurations = (
				2B1FC1381CD10032007581E7 /* Debug */,
				2B1FC1391CD10032007581E7 /* Release */,
			);
			defaultConfigurationIsVisible = 0;
		};
		2B1FC13A1CD10032007581E7 /* Build configuration list for PBXNativeTarget "生活大爆炸UITests" */ = {
			isa = XCConfigurationList;
			buildConfigurations = (
				2B1FC13B1CD10032007581E7 /* Debug */,
				2B1FC13C1CD10032007581E7 /* Release */,
			);
			defaultConfigurationIsVisible = 0;
		};
/* End XCConfigurationList section */
	};
	rootObject = 2B1FC0FF1CD10032007581E7 /* Project object */;
}
